
Microsoft Visual Studio Solution File, Format Version 12.00
# Visual Studio Version 17
VisualStudioVersion = 17.7.34031.279
MinimumVisualStudioVersion = 10.0.40219.1
Project("{FAE04EC0-301F-11D3-BF4B-00C04F79EFBC}") = "ZenbakiakArrayekin", "ZenbakiakArrayekin\ZenbakiakArrayekin.csproj", "{157CB70C-7C5F-449C-ABCD-BDEE72403D82}"
EndProject
Global
	GlobalSection(SolutionConfigurationPlatforms) = preSolution
		Debug|Any CPU = Debug|Any CPU
		Release|Any CPU = Release|Any CPU
	EndGlobalSection
	GlobalSection(ProjectConfigurationPlatforms) = postSolution
		{157CB70C-7C5F-449C-ABCD-BDEE72403D82}.Debug|Any CPU.ActiveCfg = Debug|Any CPU
		{157CB70C-7C5F-449C-ABCD-BDEE72403D82}.Debug|Any CPU.Build.0 = Debug|Any CPU
		{157CB70C-7C5F-449C-ABCD-BDEE72403D82}.Release|Any CPU.ActiveCfg = Release|Any CPU
		{157CB70C-7C5F-449C-ABCD-BDEE72403D82}.Release|Any CPU.Build.0 = Release|Any CPU
	EndGlobalSection
	GlobalSection(SolutionProperties) = preSolution
		HideSolutionNode = FALSE
	EndGlobalSection
	GlobalSection(ExtensibilityGlobals) = postSolution
		SolutionGuid = {41D96E8E-305B-4FDA-B5AE-50E48255EAF0}
	EndGlobalSection
EndGlobal
