
Microsoft Visual Studio Solution File, Format Version 12.00
# Visual Studio Version 17
VisualStudioVersion = 17.8.34322.80
MinimumVisualStudioVersion = 10.0.40219.1
Project("{FAE04EC0-301F-11D3-BF4B-00C04F79EFBC}") = "WineShopAlberto", "WineShopAlberto\WineShopAlberto.csproj", "{0455F0B4-EF73-416B-AA48-7BC19206D388}"
EndProject
Global
	GlobalSection(SolutionConfigurationPlatforms) = preSolution
		Debug|Any CPU = Debug|Any CPU
		Release|Any CPU = Release|Any CPU
	EndGlobalSection
	GlobalSection(ProjectConfigurationPlatforms) = postSolution
		{0455F0B4-EF73-416B-AA48-7BC19206D388}.Debug|Any CPU.ActiveCfg = Debug|Any CPU
		{0455F0B4-EF73-416B-AA48-7BC19206D388}.Debug|Any CPU.Build.0 = Debug|Any CPU
		{0455F0B4-EF73-416B-AA48-7BC19206D388}.Release|Any CPU.ActiveCfg = Release|Any CPU
		{0455F0B4-EF73-416B-AA48-7BC19206D388}.Release|Any CPU.Build.0 = Release|Any CPU
	EndGlobalSection
	GlobalSection(SolutionProperties) = preSolution
		HideSolutionNode = FALSE
	EndGlobalSection
	GlobalSection(ExtensibilityGlobals) = postSolution
		SolutionGuid = {CB2056D2-2D7C-41BD-9B64-205C88C89CC2}
	EndGlobalSection
EndGlobal
